
Microsoft Visual Studio Solution File, Format Version 12.00
# Visual Studio Version 17
VisualStudioVersion = 17.6.33829.357
MinimumVisualStudioVersion = 10.0.40219.1
Project("{FAE04EC0-301F-11D3-BF4B-00C04F79EFBC}") = "Laserfiche_Download_Issues_Dotnet_Four", "Laserfiche_Download_Issues_Dotnet_Four.csproj", "{FE62F1C6-900E-4872-9EFA-C2204B7E223F}"
EndProject
Global
	GlobalSection(SolutionConfigurationPlatforms) = preSolution
		Debug|Any CPU = Debug|Any CPU
		Release|Any CPU = Release|Any CPU
	EndGlobalSection
	GlobalSection(ProjectConfigurationPlatforms) = postSolution
		{FE62F1C6-900E-4872-9EFA-C2204B7E223F}.Debug|Any CPU.ActiveCfg = Debug|Any CPU
		{FE62F1C6-900E-4872-9EFA-C2204B7E223F}.Debug|Any CPU.Build.0 = Debug|Any CPU
		{FE62F1C6-900E-4872-9EFA-C2204B7E223F}.Release|Any CPU.ActiveCfg = Release|Any CPU
		{FE62F1C6-900E-4872-9EFA-C2204B7E223F}.Release|Any CPU.Build.0 = Release|Any CPU
	EndGlobalSection
	GlobalSection(SolutionProperties) = preSolution
		HideSolutionNode = FALSE
	EndGlobalSection
	GlobalSection(ExtensibilityGlobals) = postSolution
		SolutionGuid = {72F5C079-F234-4738-92F1-713E308AC908}
	EndGlobalSection
EndGlobal
